// !$*UTF8*$!
{
	archiveVersion = 1;
	classes = {
	};
	objectVersion = 77;
	objects = {

/* Begin PBXContainerItemProxy section */
		9125B27F2FDDCFE400770904 /* PBXContainerItemProxy */ = {
			isa = PBXContainerItemProxy;
			containerPortal = 9125B2692FDDCFE200770904 /* Project object */;
			proxyType = 1;
			remoteGlobalIDString = 9125B2702FDDCFE200770904;
			remoteInfo = BlackoutSignal;
		};
		9125B2892FDDCFE400770904 /* PBXContainerItemProxy */ = {
			isa = PBXContainerItemProxy;
			containerPortal = 9125B2692FDDCFE200770904 /* Project object */;
			proxyType = 1;
			remoteGlobalIDString = 9125B2702FDDCFE200770904;
			remoteInfo = BlackoutSignal;
		};
/* End PBXContainerItemProxy section */

/* Begin PBXFileReference section */
		9125B2712FDDCFE200770904 /* BlackoutSignal.app */ = {isa = PBXFileReference; explicitFileType = wrapper.application; includeInIndex = 0; path = BlackoutSignal.app; sourceTree = BUILT_PRODUCTS_DIR; };
		9125B27E2FDDCFE400770904 /* BlackoutSignalTests.xctest */ = {isa = PBXFileReference; explicitFileType = wrapper.cfbundle; includeInIndex = 0; path = BlackoutSignalTests.xctest; sourceTree = BUILT_PRODUCTS_DIR; };
		9125B2882FDDCFE400770904 /* BlackoutSignalUITests.xctest */ = {isa = PBXFileReference; explicitFileType = wrapper.cfbundle; includeInIndex = 0; path = BlackoutSignalUITests.xctest; sourceTree = BUILT_PRODUCTS_DIR; };
/* End PBXFileReference section */

/* Begin PBXFileSystemSynchronizedRootGroup section */
		9125B2732FDDCFE200770904 /* BlackoutSignal */ = {
			isa = PBXFileSystemSynchronizedRootGroup;
			path = BlackoutSignal;
			sourceTree = "<group>";
		};
		9125B2812FDDCFE400770904 /* BlackoutSignalTests */ = {
			isa = PBXFileSystemSynchronizedRootGroup;
			path = BlackoutSignalTests;
			sourceTree = "<group>";
		};
		9125B28B2FDDCFE400770904 /* BlackoutSignalUITests */ = {
			isa = PBXFileSystemSynchronizedRootGroup;
			path = BlackoutSignalUITests;
			sourceTree = "<group>";
		};
/* End PBXFileSystemSynchronizedRootGroup section */

/* Begin PBXFrameworksBuildPhase section */
		9125B26E2FDDCFE200770904 /* Frameworks */ = {
			isa = PBXFrameworksBuildPhase;
			buildActionMask = 2147483647;
			files = (
			);
			runOnlyForDeploymentPostprocessing = 0;
		};
		9125B27B2FDDCFE400770904 /* Frameworks */ = {
			isa = PBXFrameworksBuildPhase;
			buildActionMask = 2147483647;
			files = (
			);
			runOnlyForDeploymentPostprocessing = 0;
		};
		9125B2852FDDCFE400770904 /* Frameworks */ = {
			isa = PBXFrameworksBuildPhase;
			buildActionMask = 2147483647;
			files = (
			);
			runOnlyForDeploymentPostprocessing = 0;
		};
/* End PBXFrameworksBuildPhase section */

/* Begin PBXGroup section */
		9125B2682FDDCFE200770904 = {
			isa = PBXGroup;
			children = (
				9125B2732FDDCFE200770904 /* BlackoutSignal */,
				9125B2812FDDCFE400770904 /* BlackoutSignalTests */,
				9125B28B2FDDCFE400770904 /* BlackoutSignalUITests */,
				9125B2722FDDCFE200770904 /* Products */,
			);
			sourceTree = "<group>";
		};
		9125B2722FDDCFE200770904 /* Products */ = {
			isa = PBXGroup;
			children = (
				9125B2712FDDCFE200770904 /* BlackoutSignal.app */,
				9125B27E2FDDCFE400770904 /* BlackoutSignalTests.xctest */,
				9125B2882FDDCFE400770904 /* BlackoutSignalUITests.xctest */,
			);
			name = Products;
			sourceTree = "<group>";
		};
/* End PBXGroup section */

/* Begin PBXNativeTarget section */
		9125B2702FDDCFE200770904 /* BlackoutSignal */ = {
			isa = PBXNativeTarget;
			buildConfigurationList = 9125B2922FDDCFE400770904 /* Build configuration list for PBXNativeTarget "BlackoutSignal" */;
			buildPhases = (
				9125B26D2FDDCFE200770904 /* Sources */,
				9125B26E2FDDCFE200770904 /* Frameworks */,
				9125B26F2FDDCFE200770904 /* Resources */,
			);
			buildRules = (
			);
			dependencies = (
			);
			fileSystemSynchronizedGroups = (
				9125B2732FDDCFE200770904 /* BlackoutSignal */,
			);
			name = BlackoutSignal;
			packageProductDependencies = (
			);
			productName = BlackoutSignal;
			productReference = 9125B2712FDDCFE200770904 /* BlackoutSignal.app */;
			productType = "com.apple.product-type.application";
		};
		9125B27D2FDDCFE400770904 /* BlackoutSignalTests */ = {
			isa = PBXNativeTarget;
			buildConfigurationList = 9125B2952FDDCFE400770904 /* Build configuration list for PBXNativeTarget "BlackoutSignalTests" */;
			buildPhases = (
				9125B27A2FDDCFE400770904 /* Sources */,
				9125B27B2FDDCFE400770904 /* Frameworks */,
				9125B27C2FDDCFE400770904 /* Resources */,
			);
			buildRules = (
			);
			dependencies = (
				9125B2802FDDCFE400770904 /* PBXTargetDependency */,
			);
			fileSystemSynchronizedGroups = (
				9125B2812FDDCFE400770904 /* BlackoutSignalTests */,
			);
			name = BlackoutSignalTests;
			packageProductDependencies = (
			);
			productName = BlackoutSignalTests;
			productReference = 9125B27E2FDDCFE400770904 /* BlackoutSignalTests.xctest */;
			productType = "com.apple.product-type.bundle.unit-test";
		};
		9125B2872FDDCFE400770904 /* BlackoutSignalUITests */ = {
			isa = PBXNativeTarget;
			buildConfigurationList = 9125B2982FDDCFE400770904 /* Build configuration list for PBXNativeTarget "BlackoutSignalUITests" */;
			buildPhases = (
				9125B2842FDDCFE400770904 /* Sources */,
				9125B2852FDDCFE400770904 /* Frameworks */,
				9125B2862FDDCFE400770904 /* Resources */,
			);
			buildRules = (
			);
			dependencies = (
				9125B28A2FDDCFE400770904 /* PBXTargetDependency */,
			);
			fileSystemSynchronizedGroups = (
				9125B28B2FDDCFE400770904 /* BlackoutSignalUITests */,
			);
			name = BlackoutSignalUITests;
			packageProductDependencies = (
			);
			productName = BlackoutSignalUITests;
			productReference = 9125B2882FDDCFE400770904 /* BlackoutSignalUITests.xctest */;
			productType = "com.apple.product-type.bundle.ui-testing";
		};
/* End PBXNativeTarget section */

/* Begin PBXProject section */
		9125B2692FDDCFE200770904 /* Project object */ = {
			isa = PBXProject;
			attributes = {
				BuildIndependentTargetsInParallel = 1;
				LastSwiftUpdateCheck = 2650;
				LastUpgradeCheck = 2650;
				TargetAttributes = {
					9125B2702FDDCFE200770904 = {
						CreatedOnToolsVersion = 26.5;
					};
					9125B27D2FDDCFE400770904 = {
						CreatedOnToolsVersion = 26.5;
						TestTargetID = 9125B2702FDDCFE200770904;
					};
					9125B2872FDDCFE400770904 = {
						CreatedOnToolsVersion = 26.5;
						TestTargetID = 9125B2702FDDCFE200770904;
					};
				};
			};
			buildConfigurationList = 9125B26C2FDDCFE200770904 /* Build configuration list for PBXProject "BlackoutSignal" */;
			developmentRegion = en;
			hasScannedForEncodings = 0;
			knownRegions = (
				en,
				Base,
			);
			mainGroup = 9125B2682FDDCFE200770904;
			minimizedProjectReferenceProxies = 1;
			preferredProjectObjectVersion = 77;
			productRefGroup = 9125B2722FDDCFE200770904 /* Products */;
			projectDirPath = "";
			projectRoot = "";
			targets = (
				9125B2702FDDCFE200770904 /* BlackoutSignal */,
				9125B27D2FDDCFE400770904 /* BlackoutSignalTests */,
				9125B2872FDDCFE400770904 /* BlackoutSignalUITests */,
			);
		};
/* End PBXProject section */

/* Begin PBXResourcesBuildPhase section */
		9125B26F2FDDCFE200770904 /* Resources */ = {
			isa = PBXResourcesBuildPhase;
			buildActionMask = 2147483647;
			files = (
			);
			runOnlyForDeploymentPostprocessing = 0;
		};
		9125B27C2FDDCFE400770904 /* Resources */ = {
			isa = PBXResourcesBuildPhase;
			buildActionMask = 2147483647;
			files = (
			);
			runOnlyForDeploymentPostprocessing = 0;
		};
		9125B2862FDDCFE400770904 /* Resources */ = {
			isa = PBXResourcesBuildPhase;
			buildActionMask = 2147483647;
			files = (
			);
			runOnlyForDeploymentPostprocessing = 0;
		};
/* End PBXResourcesBuildPhase section */

/* Begin PBXSourcesBuildPhase section */
		9125B26D2FDDCFE200770904 /* Sources */ = {
			isa = PBXSourcesBuildPhase;
			buildActionMask = 2147483647;
			files = (
			);
			runOnlyForDeploymentPostprocessing = 0;
		};
		9125B27A2FDDCFE400770904 /* Sources */ = {
			isa = PBXSourcesBuildPhase;
			buildActionMask = 2147483647;
			files = (
			);
			runOnlyForDeploymentPostprocessing = 0;
		};
		9125B2842FDDCFE400770904 /* Sources */ = {
			isa = PBXSourcesBuildPhase;
			buildActionMask = 2147483647;
			files = (
			);
			runOnlyForDeploymentPostprocessing = 0;
		};
/* End PBXSourcesBuildPhase section */

/* Begin PBXTargetDependency section */
		9125B2802FDDCFE400770904 /* PBXTargetDependency */ = {
			isa = PBXTargetDependency;
			target = 9125B2702FDDCFE200770904 /* BlackoutSignal */;
			targetProxy = 9125B27F2FDDCFE400770904 /* PBXContainerItemProxy */;
		};
		9125B28A2FDDCFE400770904 /* PBXTargetDependency */ = {
			isa = PBXTargetDependency;
			target = 9125B2702FDDCFE200770904 /* BlackoutSignal */;
			targetProxy = 9125B2892FDDCFE400770904 /* PBXContainerItemProxy */;
		};
/* End PBXTargetDependency section */

/* Begin XCBuildConfiguration section */
		9125B2902FDDCFE400770904 /* Debug */ = {
			isa = XCBuildConfiguration;
			buildSettings = {
				ALWAYS_SEARCH_USER_PATHS = NO;
				ASSETCATALOG_COMPILER_GENERATE_SWIFT_ASSET_SYMBOL_EXTENSIONS = YES;
				CLANG_ANALYZER_NONNULL = YES;
				CLANG_ANALYZER_NUMBER_OBJECT_CONVERSION = YES_AGGRESSIVE;
				CLANG_CXX_LANGUAGE_STANDARD = "gnu++20";
				CLANG_ENABLE_MODULES = YES;
				CLANG_ENABLE_OBJC_ARC = YES;
				CLANG_ENABLE_OBJC_WEAK = YES;
				CLANG_WARN_BLOCK_CAPTURE_AUTORELEASING = YES;
				CLANG_WARN_BOOL_CONVERSION = YES;
				CLANG_WARN_COMMA = YES;
				CLANG_WARN_CONSTANT_CONVERSION = YES;
				CLANG_WARN_DEPRECATED_OBJC_IMPLEMENTATIONS = YES;
				CLANG_WARN_DIRECT_OBJC_ISA_USAGE = YES_ERROR;
				CLANG_WARN_DOCUMENTATION_COMMENTS = YES;
				CLANG_WARN_EMPTY_BODY = YES;
				CLANG_WARN_ENUM_CONVERSION = YES;
				CLANG_WARN_INFINITE_RECURSION = YES;
				CLANG_WARN_INT_CONVERSION = YES;
				CLANG_WARN_NON_LITERAL_NULL_CONVERSION = YES;
				CLANG_WARN_OBJC_IMPLICIT_RETAIN_SELF = YES;
				CLANG_WARN_OBJC_LITERAL_CONVERSION = YES;
				CLANG_WARN_OBJC_ROOT_CLASS = YES_ERROR;
				CLANG_WARN_QUOTED_INCLUDE_IN_FRAMEWORK_HEADER = YES;
				CLANG_WARN_RANGE_LOOP_ANALYSIS = YES;
				CLANG_WARN_STRICT_PROTOTYPES = YES;
				CLANG_WARN_SUSPICIOUS_MOVE = YES;
				CLANG_WARN_UNGUARDED_AVAILABILITY = YES_AGGRESSIVE;
				CLANG_WARN_UNREACHABLE_CODE = YES;
				CLANG_WARN__DUPLICATE_METHOD_MATCH = YES;
				COPY_PHASE_STRIP = NO;
				DEBUG_INFORMATION_FORMAT = dwarf;
				DEVELOPMENT_TEAM = 29QGYWRLCD;
				ENABLE_STRICT_OBJC_MSGSEND = YES;
				ENABLE_TESTABILITY = YES;
				ENABLE_USER_SCRIPT_SANDBOXING = YES;
				GCC_C_LANGUAGE_STANDARD = gnu17;
				GCC_DYNAMIC_NO_PIC = NO;
				GCC_NO_COMMON_BLOCKS = YES;
				GCC_OPTIMIZATION_LEVEL = 0;
				GCC_PREPROCESSOR_DEFINITIONS = (
					"DEBUG=1",
					"$(inherited)",
				);
				GCC_WARN_64_TO_32_BIT_CONVERSION = YES;
				GCC_WARN_ABOUT_RETURN_TYPE = YES_ERROR;
				GCC_WARN_UNDECLARED_SELECTOR = YES;
				GCC_WARN_UNINITIALIZED_AUTOS = YES_AGGRESSIVE;
				GCC_WARN_UNUSED_FUNCTION = YES;
				GCC_WARN_UNUSED_VARIABLE = YES;
				LOCALIZATION_PREFERS_STRING_CATALOGS = YES;
				MACOSX_DEPLOYMENT_TARGET = 26.5;
				MTL_ENABLE_DEBUG_INFO = INCLUDE_SOURCE;
				MTL_FAST_MATH = YES;
				ONLY_ACTIVE_ARCH = YES;
				SDKROOT = macosx;
				SWIFT_ACTIVE_COMPILATION_CONDITIONS = "DEBUG $(inherited)";
				SWIFT_OPTIMIZATION_LEVEL = "-Onone";
			};
			name = Debug;
		};
		9125B2912FDDCFE400770904 /* Release */ = {
			isa = XCBuildConfiguration;
			buildSettings = {
				ALWAYS_SEARCH_USER_PATHS = NO;
				ASSETCATALOG_COMPILER_GENERATE_SWIFT_ASSET_SYMBOL_EXTENSIONS = YES;
				CLANG_ANALYZER_NONNULL = YES;
				CLANG_ANALYZER_NUMBER_OBJECT_CONVERSION = YES_AGGRESSIVE;
				CLANG_CXX_LANGUAGE_STANDARD = "gnu++20";
				CLANG_ENABLE_MODULES = YES;
				CLANG_ENABLE_OBJC_ARC = YES;
				CLANG_ENABLE_OBJC_WEAK = YES;
				CLANG_WARN_BLOCK_CAPTURE_AUTORELEASING = YES;
				CLANG_WARN_BOOL_CONVERSION = YES;
				CLANG_WARN_COMMA = YES;
				CLANG_WARN_CONSTANT_CONVERSION = YES;
				CLANG_WARN_DEPRECATED_OBJC_IMPLEMENTATIONS = YES;
				CLANG_WARN_DIRECT_OBJC_ISA_USAGE = YES_ERROR;
				CLANG_WARN_DOCUMENTATION_COMMENTS = YES;
				CLANG_WARN_EMPTY_BODY = YES;
				CLANG_WARN_ENUM_CONVERSION = YES;
				CLANG_WARN_INFINITE_RECURSION = YES;
				CLANG_WARN_INT_CONVERSION = YES;
				CLANG_WARN_NON_LITERAL_NULL_CONVERSION = YES;
				CLANG_WARN_OBJC_IMPLICIT_RETAIN_SELF = YES;
				CLANG_WARN_OBJC_LITERAL_CONVERSION = YES;
				CLANG_WARN_OBJC_ROOT_CLASS = YES_ERROR;
				CLANG_WARN_QUOTED_INCLUDE_IN_FRAMEWORK_HEADER = YES;
				CLANG_WARN_RANGE_LOOP_ANALYSIS = YES;
				CLANG_WARN_STRICT_PROTOTYPES = YES;
				CLANG_WARN_SUSPICIOUS_MOVE = YES;
				CLANG_WARN_UNGUARDED_AVAILABILITY = YES_AGGRESSIVE;
				CLANG_WARN_UNREACHABLE_CODE = YES;
				CLANG_WARN__DUPLICATE_METHOD_MATCH = YES;
				COPY_PHASE_STRIP = NO;
				DEBUG_INFORMATION_FORMAT = "dwarf-with-dsym";
				DEVELOPMENT_TEAM = 29QGYWRLCD;
				ENABLE_NS_ASSERTIONS = NO;
				ENABLE_STRICT_OBJC_MSGSEND = YES;
				ENABLE_USER_SCRIPT_SANDBOXING = YES;
				GCC_C_LANGUAGE_STANDARD = gnu17;
				GCC_NO_COMMON_BLOCKS = YES;
				GCC_WARN_64_TO_32_BIT_CONVERSION = YES;
				GCC_WARN_ABOUT_RETURN_TYPE = YES_ERROR;
				GCC_WARN_UNDECLARED_SELECTOR = YES;
				GCC_WARN_UNINITIALIZED_AUTOS = YES_AGGRESSIVE;
				GCC_WARN_UNUSED_FUNCTION = YES;
				GCC_WARN_UNUSED_VARIABLE = YES;
				LOCALIZATION_PREFERS_STRING_CATALOGS = YES;
				MACOSX_DEPLOYMENT_TARGET = 26.5;
				MTL_ENABLE_DEBUG_INFO = NO;
				MTL_FAST_MATH = YES;
				SDKROOT = macosx;
				SWIFT_COMPILATION_MODE = wholemodule;
			};
			name = Release;
		};
		9125B2932FDDCFE400770904 /* Debug */ = {
			isa = XCBuildConfiguration;
			buildSettings = {
				ASSETCATALOG_COMPILER_APPICON_NAME = AppIcon;
				ASSETCATALOG_COMPILER_GLOBAL_ACCENT_COLOR_NAME = AccentColor;
				CODE_SIGN_STYLE = Automatic;
				COMBINE_HIDPI_IMAGES = YES;
				CURRENT_PROJECT_VERSION = 1;
				DEVELOPMENT_TEAM = 29QGYWRLCD;
				ENABLE_APP_SANDBOX = NO;
				ENABLE_HARDENED_RUNTIME = YES;
				ENABLE_PREVIEWS = YES;
				ENABLE_USER_SELECTED_FILES = readonly;
				GENERATE_INFOPLIST_FILE = YES;
				INFOPLIST_KEY_NSHumanReadableCopyright = "";
				LD_RUNPATH_SEARCH_PATHS = (
					"$(inherited)",
					"@executable_path/../Frameworks",
				);
				MARKETING_VERSION = 1.0;
				INFOPLIST_KEY_LSUIElement = YES;
				OTHER_LDFLAGS = "-framework CoreDisplay";
				PRODUCT_BUNDLE_IDENTIFIER = cn.Teethe.BlackoutSignal;
				PRODUCT_NAME = "$(TARGET_NAME)";
				REGISTER_APP_GROUPS = NO;
				SWIFT_OBJC_BRIDGING_HEADER = "BlackoutSignal/BlackoutSignal-Bridging-Header.h";
				STRING_CATALOG_GENERATE_SYMBOLS = YES;
				SWIFT_APPROACHABLE_CONCURRENCY = YES;
				SWIFT_DEFAULT_ACTOR_ISOLATION = MainActor;
				SWIFT_EMIT_LOC_STRINGS = YES;
				SWIFT_UPCOMING_FEATURE_MEMBER_IMPORT_VISIBILITY = YES;
				SWIFT_VERSION = 5.0;
			};
			name = Debug;
		};
		9125B2942FDDCFE400770904 /* Release */ = {
			isa = XCBuildConfiguration;
			buildSettings = {
				ASSETCATALOG_COMPILER_APPICON_NAME = AppIcon;
				ASSETCATALOG_COMPILER_GLOBAL_ACCENT_COLOR_NAME = AccentColor;
				CODE_SIGN_STYLE = Automatic;
				COMBINE_HIDPI_IMAGES = YES;
				CURRENT_PROJECT_VERSION = 1;
				DEVELOPMENT_TEAM = 29QGYWRLCD;
				ENABLE_APP_SANDBOX = NO;
				ENABLE_HARDENED_RUNTIME = YES;
				ENABLE_PREVIEWS = YES;
				ENABLE_USER_SELECTED_FILES = readonly;
				GENERATE_INFOPLIST_FILE = YES;
				INFOPLIST_KEY_NSHumanReadableCopyright = "";
				LD_RUNPATH_SEARCH_PATHS = (
					"$(inherited)",
					"@executable_path/../Frameworks",
				);
				MARKETING_VERSION = 1.0;
				INFOPLIST_KEY_LSUIElement = YES;
				OTHER_LDFLAGS = "-framework CoreDisplay";
				PRODUCT_BUNDLE_IDENTIFIER = cn.Teethe.BlackoutSignal;
				PRODUCT_NAME = "$(TARGET_NAME)";
				REGISTER_APP_GROUPS = NO;
				SWIFT_OBJC_BRIDGING_HEADER = "BlackoutSignal/BlackoutSignal-Bridging-Header.h";
				STRING_CATALOG_GENERATE_SYMBOLS = YES;
				SWIFT_APPROACHABLE_CONCURRENCY = YES;
				SWIFT_DEFAULT_ACTOR_ISOLATION = MainActor;
				SWIFT_EMIT_LOC_STRINGS = YES;
				SWIFT_UPCOMING_FEATURE_MEMBER_IMPORT_VISIBILITY = YES;
				SWIFT_VERSION = 5.0;
			};
			name = Release;
		};
		9125B2962FDDCFE400770904 /* Debug */ = {
			isa = XCBuildConfiguration;
			buildSettings = {
				BUNDLE_LOADER = "$(TEST_HOST)";
				CODE_SIGN_STYLE = Automatic;
				CURRENT_PROJECT_VERSION = 1;
				DEVELOPMENT_TEAM = 29QGYWRLCD;
				GENERATE_INFOPLIST_FILE = YES;
				MACOSX_DEPLOYMENT_TARGET = 26.5;
				MARKETING_VERSION = 1.0;
				PRODUCT_BUNDLE_IDENTIFIER = cn.Teethe.BlackoutSignalTests;
				PRODUCT_NAME = "$(TARGET_NAME)";
				STRING_CATALOG_GENERATE_SYMBOLS = NO;
				SWIFT_APPROACHABLE_CONCURRENCY = YES;
				SWIFT_EMIT_LOC_STRINGS = NO;
				SWIFT_UPCOMING_FEATURE_MEMBER_IMPORT_VISIBILITY = YES;
				SWIFT_VERSION = 5.0;
				TEST_HOST = "$(BUILT_PRODUCTS_DIR)/BlackoutSignal.app/$(BUNDLE_EXECUTABLE_FOLDER_PATH)/BlackoutSignal";
			};
			name = Debug;
		};
		9125B2972FDDCFE400770904 /* Release */ = {
			isa = XCBuildConfiguration;
			buildSettings = {
				BUNDLE_LOADER = "$(TEST_HOST)";
				CODE_SIGN_STYLE = Automatic;
				CURRENT_PROJECT_VERSION = 1;
				DEVELOPMENT_TEAM = 29QGYWRLCD;
				GENERATE_INFOPLIST_FILE = YES;
				MACOSX_DEPLOYMENT_TARGET = 26.5;
				MARKETING_VERSION = 1.0;
				PRODUCT_BUNDLE_IDENTIFIER = cn.Teethe.BlackoutSignalTests;
				PRODUCT_NAME = "$(TARGET_NAME)";
				STRING_CATALOG_GENERATE_SYMBOLS = NO;
				SWIFT_APPROACHABLE_CONCURRENCY = YES;
				SWIFT_EMIT_LOC_STRINGS = NO;
				SWIFT_UPCOMING_FEATURE_MEMBER_IMPORT_VISIBILITY = YES;
				SWIFT_VERSION = 5.0;
				TEST_HOST = "$(BUILT_PRODUCTS_DIR)/BlackoutSignal.app/$(BUNDLE_EXECUTABLE_FOLDER_PATH)/BlackoutSignal";
			};
			name = Release;
		};
		9125B2992FDDCFE400770904 /* Debug */ = {
			isa = XCBuildConfiguration;
			buildSettings = {
				CODE_SIGN_STYLE = Automatic;
				CURRENT_PROJECT_VERSION = 1;
				DEVELOPMENT_TEAM = 29QGYWRLCD;
				GENERATE_INFOPLIST_FILE = YES;
				MARKETING_VERSION = 1.0;
				PRODUCT_BUNDLE_IDENTIFIER = cn.Teethe.BlackoutSignalUITests;
				PRODUCT_NAME = "$(TARGET_NAME)";
				STRING_CATALOG_GENERATE_SYMBOLS = NO;
				SWIFT_APPROACHABLE_CONCURRENCY = YES;
				SWIFT_EMIT_LOC_STRINGS = NO;
				SWIFT_UPCOMING_FEATURE_MEMBER_IMPORT_VISIBILITY = YES;
				SWIFT_VERSION = 5.0;
				TEST_TARGET_NAME = BlackoutSignal;
			};
			name = Debug;
		};
		9125B29A2FDDCFE400770904 /* Release */ = {
			isa = XCBuildConfiguration;
			buildSettings = {
				CODE_SIGN_STYLE = Automatic;
				CURRENT_PROJECT_VERSION = 1;
				DEVELOPMENT_TEAM = 29QGYWRLCD;
				GENERATE_INFOPLIST_FILE = YES;
				MARKETING_VERSION = 1.0;
				PRODUCT_BUNDLE_IDENTIFIER = cn.Teethe.BlackoutSignalUITests;
				PRODUCT_NAME = "$(TARGET_NAME)";
				STRING_CATALOG_GENERATE_SYMBOLS = NO;
				SWIFT_APPROACHABLE_CONCURRENCY = YES;
				SWIFT_EMIT_LOC_STRINGS = NO;
				SWIFT_UPCOMING_FEATURE_MEMBER_IMPORT_VISIBILITY = YES;
				SWIFT_VERSION = 5.0;
				TEST_TARGET_NAME = BlackoutSignal;
			};
			name = Release;
		};
/* End XCBuildConfiguration section */

/* Begin XCConfigurationList section */
		9125B26C2FDDCFE200770904 /* Build configuration list for PBXProject "BlackoutSignal" */ = {
			isa = XCConfigurationList;
			buildConfigurations = (
				9125B2902FDDCFE400770904 /* Debug */,
				9125B2912FDDCFE400770904 /* Release */,
			);
			defaultConfigurationIsVisible = 0;
			defaultConfigurationName = Release;
		};
		9125B2922FDDCFE400770904 /* Build configuration list for PBXNativeTarget "BlackoutSignal" */ = {
			isa = XCConfigurationList;
			buildConfigurations = (
				9125B2932FDDCFE400770904 /* Debug */,
				9125B2942FDDCFE400770904 /* Release */,
			);
			defaultConfigurationIsVisible = 0;
			defaultConfigurationName = Release;
		};
		9125B2952FDDCFE400770904 /* Build configuration list for PBXNativeTarget "BlackoutSignalTests" */ = {
			isa = XCConfigurationList;
			buildConfigurations = (
				9125B2962FDDCFE400770904 /* Debug */,
				9125B2972FDDCFE400770904 /* Release */,
			);
			defaultConfigurationIsVisible = 0;
			defaultConfigurationName = Release;
		};
		9125B2982FDDCFE400770904 /* Build configuration list for PBXNativeTarget "BlackoutSignalUITests" */ = {
			isa = XCConfigurationList;
			buildConfigurations = (
				9125B2992FDDCFE400770904 /* Debug */,
				9125B29A2FDDCFE400770904 /* Release */,
			);
			defaultConfigurationIsVisible = 0;
			defaultConfigurationName = Release;
		};
/* End XCConfigurationList section */
	};
	rootObject = 9125B2692FDDCFE200770904 /* Project object */;
}
